
Microsoft Visual Studio Solution File, Format Version 12.00
# Visual Studio 2013
VisualStudioVersion = 12.0.40629.0
MinimumVisualStudioVersion = 10.0.40219.1
Project("{FAE04EC0-301F-11D3-BF4B-00C04F79EFBC}") = "AppML", "AppML\AppML.csproj", "{667267DB-FA8B-4C00-950C-51CE52A42FE4}"
EndProject
Project("{FAE04EC0-301F-11D3-BF4B-00C04F79EFBC}") = "ServicioRestML", "ServicioRestML\ServicioRestML.csproj", "{A8A85E4F-C7F5-4C8E-9C71-8A934CF963AB}"
EndProject
Global
	GlobalSection(SolutionConfigurationPlatforms) = preSolution
		Debug|Any CPU = Debug|Any CPU
		Release|Any CPU = Release|Any CPU
	EndGlobalSection
	GlobalSection(ProjectConfigurationPlatforms) = postSolution
		{667267DB-FA8B-4C00-950C-51CE52A42FE4}.Debug|Any CPU.ActiveCfg = Debug|Any CPU
		{667267DB-FA8B-4C00-950C-51CE52A42FE4}.Debug|Any CPU.Build.0 = Debug|Any CPU
		{667267DB-FA8B-4C00-950C-51CE52A42FE4}.Release|Any CPU.ActiveCfg = Release|Any CPU
		{667267DB-FA8B-4C00-950C-51CE52A42FE4}.Release|Any CPU.Build.0 = Release|Any CPU
		{A8A85E4F-C7F5-4C8E-9C71-8A934CF963AB}.Debug|Any CPU.ActiveCfg = Debug|Any CPU
		{A8A85E4F-C7F5-4C8E-9C71-8A934CF963AB}.Debug|Any CPU.Build.0 = Debug|Any CPU
		{A8A85E4F-C7F5-4C8E-9C71-8A934CF963AB}.Release|Any CPU.ActiveCfg = Release|Any CPU
		{A8A85E4F-C7F5-4C8E-9C71-8A934CF963AB}.Release|Any CPU.Build.0 = Release|Any CPU
	EndGlobalSection
	GlobalSection(SolutionProperties) = preSolution
		HideSolutionNode = FALSE
	EndGlobalSection
EndGlobal
